
Microsoft Visual Studio Solution File, Format Version 12.00
# Visual Studio Version 17
VisualStudioVersion = 17.8.34330.188
MinimumVisualStudioVersion = 10.0.40219.1
Project("{FAE04EC0-301F-11D3-BF4B-00C04F79EFBC}") = "Hyenalerts", "src\Hyenalerts\Hyenalerts.csproj", "{7FBFF740-2EC2-498E-B9CE-B2654D880D4E}"
EndProject
Global
	GlobalSection(SolutionConfigurationPlatforms) = preSolution
		Debug|Any CPU = Debug|Any CPU
		Release|Any CPU = Release|Any CPU
	EndGlobalSection
	GlobalSection(ProjectConfigurationPlatforms) = postSolution
		{7FBFF740-2EC2-498E-B9CE-B2654D880D4E}.Debug|Any CPU.ActiveCfg = Debug|Any CPU
		{7FBFF740-2EC2-498E-B9CE-B2654D880D4E}.Debug|Any CPU.Build.0 = Debug|Any CPU
		{7FBFF740-2EC2-498E-B9CE-B2654D880D4E}.Release|Any CPU.ActiveCfg = Release|Any CPU
		{7FBFF740-2EC2-498E-B9CE-B2654D880D4E}.Release|Any CPU.Build.0 = Release|Any CPU
	EndGlobalSection
	GlobalSection(SolutionProperties) = preSolution
		HideSolutionNode = FALSE
	EndGlobalSection
	GlobalSection(ExtensibilityGlobals) = postSolution
		SolutionGuid = {685C4B65-E026-410C-962F-78E5B44B9E38}
	EndGlobalSection
EndGlobal
